
Microsoft Visual Studio Solution File, Format Version 12.00
# Visual Studio Version 17
VisualStudioVersion = 17.4.33403.182
MinimumVisualStudioVersion = 10.0.40219.1
Project("{FAE04EC0-301F-11D3-BF4B-00C04F79EFBC}") = "Producer", "Producer\Producer.csproj", "{E8CB5A5C-F3BA-441C-98C4-4E02C1D89573}"
EndProject
Project("{FAE04EC0-301F-11D3-BF4B-00C04F79EFBC}") = "Consumer", "Consumer\Consumer.csproj", "{BC19A05B-21F0-4486-B1EF-486EF0B39EE8}"
EndProject
Global
	GlobalSection(SolutionConfigurationPlatforms) = preSolution
		Debug|Any CPU = Debug|Any CPU
		Release|Any CPU = Release|Any CPU
	EndGlobalSection
	GlobalSection(ProjectConfigurationPlatforms) = postSolution
		{E8CB5A5C-F3BA-441C-98C4-4E02C1D89573}.Debug|Any CPU.ActiveCfg = Debug|Any CPU
		{E8CB5A5C-F3BA-441C-98C4-4E02C1D89573}.Debug|Any CPU.Build.0 = Debug|Any CPU
		{E8CB5A5C-F3BA-441C-98C4-4E02C1D89573}.Release|Any CPU.ActiveCfg = Release|Any CPU
		{E8CB5A5C-F3BA-441C-98C4-4E02C1D89573}.Release|Any CPU.Build.0 = Release|Any CPU
		{BC19A05B-21F0-4486-B1EF-486EF0B39EE8}.Debug|Any CPU.ActiveCfg = Debug|Any CPU
		{BC19A05B-21F0-4486-B1EF-486EF0B39EE8}.Debug|Any CPU.Build.0 = Debug|Any CPU
		{BC19A05B-21F0-4486-B1EF-486EF0B39EE8}.Release|Any CPU.ActiveCfg = Release|Any CPU
		{BC19A05B-21F0-4486-B1EF-486EF0B39EE8}.Release|Any CPU.Build.0 = Release|Any CPU
	EndGlobalSection
	GlobalSection(SolutionProperties) = preSolution
		HideSolutionNode = FALSE
	EndGlobalSection
	GlobalSection(ExtensibilityGlobals) = postSolution
		SolutionGuid = {B147233C-51D6-459D-8C54-16D827E0940A}
	EndGlobalSection
EndGlobal
